PODS:
  - CobrowseIO (1.9.0):
    - CobrowseIO/Release (= 1.9.0)
    - Socket.IO-Client-Swift (~> 14.0)
  - CobrowseIO/Release (1.9.0):
    - Socket.IO-Client-Swift (~> 14.0)
  - Intercom (5.2.1)
  - Socket.IO-Client-Swift (14.0.0):
    - Starscream (~> 3.0.6)
  - Starscream (3.0.6)

DEPENDENCIES:
  - CobrowseIO
  - Intercom

SPEC CHECKSUMS:
  CobrowseIO: 4fcb70b56980a8620c720034ba813cf780fc76bf
  Intercom: 53f07c24f0ca18c1e910750e79b75f9c9867338f
  Socket.IO-Client-Swift: 21e6a8a23a7d367d5ddfab6cbbd3c679cf3c25d6
  Starscream: ef3ece99d765eeccb67de105bfa143f929026cf5

PODFILE CHECKSUM: 9def0df476e77b5f2b9b7498ffeeadbf861baa93

COCOAPODS: 1.4.0
