PODS:
  - CobrowseIO (2.0.0-alpha.4):
    - CobrowseIO/Release (= 2.0.0-alpha.4)
    - Socket.IO-Client-Swift (~> 15.1)
  - CobrowseIO/Release (2.0.0-alpha.4):
    - Socket.IO-Client-Swift (~> 15.1)
  - Intercom (5.4.1)
  - Socket.IO-Client-Swift (15.1.0):
    - Starscream (~> 3.1)
  - Starscream (3.1.0)

DEPENDENCIES:
  - CobrowseIO (= 2.0.0-alpha.4)
  - Intercom

SPEC REPOS:
  https://github.com/cocoapods/specs.git:
    - CobrowseIO
    - Intercom
    - Socket.IO-Client-Swift
    - Starscream

SPEC CHECKSUMS:
  CobrowseIO: d161b4a3a740b5f4f27ad5fa219113991b888b46
  Intercom: d189cf8cc8591e7e63dbb10ee4401a70a7fdc9d6
  Socket.IO-Client-Swift: 7cb44c0ffb86e158cee32d0642d30ec5fdcf8f61
  Starscream: 08172b481e145289c4930cb567230fb55897cfa4

PODFILE CHECKSUM: a992045725dc0d15f4356718ba0ed0d5aedc8318

COCOAPODS: 1.7.5
